
Microsoft Visual Studio Solution File, Format Version 12.00
# Visual Studio Version 16
VisualStudioVersion = 16.0.31410.357
MinimumVisualStudioVersion = 10.0.40219.1
Project("{FAE04EC0-301F-11D3-BF4B-00C04F79EFBC}") = "DbApp", "DbApp\DbApp.csproj", "{5826879E-F2C9-425E-8C40-60358A28BD10}"
EndProject
Global
	GlobalSection(SolutionConfigurationPlatforms) = preSolution
		Debug|Any CPU = Debug|Any CPU
		Release|Any CPU = Release|Any CPU
	EndGlobalSection
	GlobalSection(ProjectConfigurationPlatforms) = postSolution
		{5826879E-F2C9-425E-8C40-60358A28BD10}.Debug|Any CPU.ActiveCfg = Debug|Any CPU
		{5826879E-F2C9-425E-8C40-60358A28BD10}.Debug|Any CPU.Build.0 = Debug|Any CPU
		{5826879E-F2C9-425E-8C40-60358A28BD10}.Release|Any CPU.ActiveCfg = Release|Any CPU
		{5826879E-F2C9-425E-8C40-60358A28BD10}.Release|Any CPU.Build.0 = Release|Any CPU
	EndGlobalSection
	GlobalSection(SolutionProperties) = preSolution
		HideSolutionNode = FALSE
	EndGlobalSection
	GlobalSection(ExtensibilityGlobals) = postSolution
		SolutionGuid = {C19657C6-5569-436C-9537-0F36BC6BA7F9}
	EndGlobalSection
EndGlobal
